
Microsoft Visual Studio Solution File, Format Version 12.00
# Visual Studio Version 17
VisualStudioVersion = 17.11.35208.52
MinimumVisualStudioVersion = 10.0.40219.1
Project("{FAE04EC0-301F-11D3-BF4B-00C04F79EFBC}") = "abstractFactoryE", "abstractFactoryE\abstractFactoryE.csproj", "{EE62A818-E107-44FC-99E2-68596EC31888}"
EndProject
Global
	GlobalSection(SolutionConfigurationPlatforms) = preSolution
		Debug|Any CPU = Debug|Any CPU
		Release|Any CPU = Release|Any CPU
	EndGlobalSection
	GlobalSection(ProjectConfigurationPlatforms) = postSolution
		{EE62A818-E107-44FC-99E2-68596EC31888}.Debug|Any CPU.ActiveCfg = Debug|Any CPU
		{EE62A818-E107-44FC-99E2-68596EC31888}.Debug|Any CPU.Build.0 = Debug|Any CPU
		{EE62A818-E107-44FC-99E2-68596EC31888}.Release|Any CPU.ActiveCfg = Release|Any CPU
		{EE62A818-E107-44FC-99E2-68596EC31888}.Release|Any CPU.Build.0 = Release|Any CPU
	EndGlobalSection
	GlobalSection(SolutionProperties) = preSolution
		HideSolutionNode = FALSE
	EndGlobalSection
	GlobalSection(ExtensibilityGlobals) = postSolution
		SolutionGuid = {454357B5-9579-43FD-A42C-52DABD98EFFB}
	EndGlobalSection
EndGlobal
