
Microsoft Visual Studio Solution File, Format Version 12.00
# Visual Studio Version 17
VisualStudioVersion = 17.11.35208.52
MinimumVisualStudioVersion = 10.0.40219.1
Project("{FAE04EC0-301F-11D3-BF4B-00C04F79EFBC}") = "Iterator", "Iterator\Iterator.csproj", "{F0862556-F149-48DC-A716-B788216496CC}"
EndProject
Global
	GlobalSection(SolutionConfigurationPlatforms) = preSolution
		Debug|Any CPU = Debug|Any CPU
		Release|Any CPU = Release|Any CPU
	EndGlobalSection
	GlobalSection(ProjectConfigurationPlatforms) = postSolution
		{F0862556-F149-48DC-A716-B788216496CC}.Debug|Any CPU.ActiveCfg = Debug|Any CPU
		{F0862556-F149-48DC-A716-B788216496CC}.Debug|Any CPU.Build.0 = Debug|Any CPU
		{F0862556-F149-48DC-A716-B788216496CC}.Release|Any CPU.ActiveCfg = Release|Any CPU
		{F0862556-F149-48DC-A716-B788216496CC}.Release|Any CPU.Build.0 = Release|Any CPU
	EndGlobalSection
	GlobalSection(SolutionProperties) = preSolution
		HideSolutionNode = FALSE
	EndGlobalSection
	GlobalSection(ExtensibilityGlobals) = postSolution
		SolutionGuid = {6BD6E3CF-3CE3-4176-BE08-8FCD4297C62A}
	EndGlobalSection
EndGlobal
